version = "0"

[dependency]
  base_sdk = [{version = "2026.12.0", installer = "conan", type = "sdk", ref = "base_sdk/2026.12.0@silabs#c6aca848e0812ca6980bd66f2ef98a38"}]
  bgapi_protocol = [{version = "11.2.0-alpha.21", installer = "conan", type = "sdk", ref = "bgapi_protocol/11.2.0-alpha.21@silabs#c26ca623f721d08b1d174729cbf431e90f4b8c25"}]
  bluetooth_apploader = [{version = "11.2.0-alpha.21", installer = "conan", type = "sdk", ref = "bluetooth_apploader/11.2.0-alpha.21@silabs#c26ca623f721d08b1d174729cbf431e90f4b8c25"}]
  bluetooth_bgbuild = [{version = "11.2.0-alpha.21", installer = "conan", type = "sdk", ref = "bluetooth_bgbuild/11.2.0-alpha.21@silabs#c26ca623f721d08b1d174729cbf431e90f4b8c25"}]
  bluetooth_common = [{version = "1.2.0-alpha.21", installer = "conan", type = "sdk", ref = "bluetooth_common/1.2.0-alpha.21@silabs#c26ca623f721d08b1d174729cbf431e90f4b8c25"}]
  bluetooth_le = [{version = "11.2.0-alpha.26", installer = "conan", type = "sdk", ref = "bluetooth_le/11.2.0-alpha.26@silabs#45a436347d9f6d04120f1a30a8c0e4e670de2732"}]
  bluetooth_le_controller = [{version = "11.2.0-alpha.21", installer = "conan", type = "sdk", ref = "bluetooth_le_controller/11.2.0-alpha.21@silabs#c26ca623f721d08b1d174729cbf431e90f4b8c25"}]
  bluetooth_le_host = [{version = "11.2.0-alpha.21", installer = "conan", type = "sdk", ref = "bluetooth_le_host/11.2.0-alpha.21@silabs#c26ca623f721d08b1d174729cbf431e90f4b8c25"}]
  boards = [{version = "1.2.0", installer = "conan", type = "sdk", ref = "boards/1.2.0@silabs#62a8a96f4d67686c93630fe577ca3844"}]
  bootloader = [{version = "3.4.0", installer = "conan", type = "sdk", ref = "bootloader/3.4.0@silabs#7b5be42aef042e055b904b585692bb78"}]
  cmake = [{version = "3.30.2", installer = "conan", type = "apack", ref = "cmake/3.30.2@silabs#8798657aa78b2da38a3ae465f2d10090"}]
  cmsis = [{version = "1.2.0", installer = "conan", type = "sdk", ref = "cmsis/1.2.0@silabs#cfc1e667b8f5013747bd02a17d8a4351"}]
  cmsis_dsp = [{version = "1.16.3", installer = "conan", type = "sdk", ref = "cmsis_dsp/1.16.3@silabs#4c35ceaaf9910c2d406b34dcde483b59775159f6"}]
  common_15_4 = [{version = "1.2.0-alpha.4", installer = "conan", type = "sdk", ref = "common_15_4/1.2.0-alpha.4@silabs#87e23ef71750bd42c7704aff7db6c5e80cbba074"}]
  coremark = [{version = "1.1.0", installer = "conan", type = "sdk", ref = "coremark/1.1.0@silabs#18f9ee91c773959888b0ca1fa914139a"}]
  cpc = [{version = "4.10.0-alpha.14", installer = "conan", type = "sdk", ref = "cpc/4.10.0-alpha.14@silabs#8e4be69ee99e850eab5d18ae3622d49572f31714"}]
  delta_dfu = [{version = "1.1.0", installer = "conan", type = "sdk", ref = "delta_dfu/1.1.0@silabs#1ebba4a316f35b36228125a8942d772c72943ec6"}]
  freertos = [{version = "1.2.0", installer = "conan", type = "sdk", ref = "freertos/1.2.0@silabs#0bb5996b8147c9ce4b1936ac5292adb3"}]
  gcc-arm-none-eabi = [{version = "14.2.rel1", installer = "conan", type = "toolchain", ref = "gcc-arm-none-eabi/14.2.rel1@silabs#7a5e7220af325e610937338dde99651b"}]
  llvm-arm-toolchain-for-embedded = [{version = "21.1.1", installer = "conan", type = "toolchain", ref = "llvm-arm-toolchain-for-embedded/21.1.1@silabs#877f3e0faf9658c618b4c2fe80bbb9fa"}]
  mbedtls = [{version = "1.2.0", installer = "conan", type = "sdk", ref = "mbedtls/1.2.0@silabs#7e9eb0768236111f9218b6819536d7a1"}]
  micriumos = [{version = "6.1.0", installer = "conan", type = "sdk", ref = "micriumos/6.1.0@silabs#690711e09534755dc2dc85cf7e2dc2a8"}]
  multiprotocol = [{version = "1.2.0-alpha.25", installer = "conan", type = "sdk", ref = "multiprotocol/1.2.0-alpha.25@silabs#314a997c785d60d5577096fd275ed07582191063"}]
  ninja = [{version = "1.12.1", installer = "conan", type = "apack", ref = "ninja/1.12.1@silabs#9ce59e07a142d4da1c532b49742fe16d"}]
  openthread_forks = [{version = "3.2.0-alpha.30", installer = "conan", type = "sdk", ref = "openthread_forks/3.2.0-alpha.30@silabs#0ceef8740a3917886a18293a7388d73ba33223e0"}]
  platform = [{version = "6.2.0-alpha.5", installer = "conan", type = "sdk", ref = "platform/6.2.0-alpha.5@silabs#c7f32c79e9c2b9dadcf9c54a05cca016"}]
  platform_core = [{version = "1.2.0", installer = "conan", type = "sdk", ref = "platform_core/1.2.0@silabs#55740da5bd2ad9094a6a552fed674abc"}]
  printf = [{version = "1.1.0", installer = "conan", type = "sdk", ref = "printf/1.1.0@silabs#fe75a71a35412431d99f4848883c965b"}]
  rail_library = [{version = "3.2.0-alpha.53", installer = "conan", type = "sdk", ref = "rail_library/3.2.0-alpha.53@silabs#91609ab6fd4cd35d5da0aab3f0026e171ae16029"}]
  realtime_locationing = [{version = "12.0.0-alpha.2", installer = "conan", type = "sdk", ref = "realtime_locationing/12.0.0-alpha.2@silabs#6c534efa9bd238b104277b4601d0d36646398acc"}]
  security_libcryptosoc = [{version = "1.1.0", installer = "conan", type = "sdk", ref = "security_libcryptosoc/1.1.0@silabs#a41bcce963865004cdd183d9f003fd37"}]
  security_sxsymcrypt = [{version = "1.1.0", installer = "conan", type = "sdk", ref = "security_sxsymcrypt/1.1.0@silabs#a9053c3f70f2a4f66d827993bac5bb2b"}]
  security_tfm = [{version = "1.1.0", installer = "conan", type = "sdk", ref = "security_tfm/1.1.0@silabs#b76dd871fe6a57faeeda2f99fcfdbca4"}]
  segger = [{version = "1.1.0", installer = "conan", type = "sdk", ref = "segger/1.1.0@silabs#6559985830a5b6662a7a588e9823fb99"}]
  thread = [{version = "3.2.0-alpha.30", installer = "conan", type = "sdk", ref = "thread/3.2.0-alpha.30@silabs#0ceef8740a3917886a18293a7388d73ba33223e0"}]
  unity_test_framework = [{version = "1.1.0", installer = "conan", type = "sdk", ref = "unity_test_framework/1.1.0@silabs#f418a9460d44f860469de8d9aba3d723"}]
  usb = [{version = "1.8.0", installer = "conan", type = "sdk", ref = "usb/1.8.0@silabs#41740686c845a4529d4eaafe485221f1"}]
  zigbee = [{version = "9.2.0-alpha.25", installer = "conan", type = "sdk", ref = "zigbee/9.2.0-alpha.25@silabs#6b15b08b09ddc367047a1d2073e325ec85aabd22"}]
  commander = [{version = "1.24.3", installer = "archive", type = "apack"}]
  slc-cli = [{version = "6.0.23", installer = "archive", type = "tools"}]
  python = [{version = "3.10.3", installer = "archive", type = "tools"}]
  java21 = [{version = "21.0.6", installer = "archive", type = "tools"}]
  zap = [{version = "2026.06.17", installer = "archive", type = "apack"}]

[engine]
  conan-repos = [
    "https://artifactory.silabs.net/artifactory/api/conan/silabs-conan-production",
    "https://artifactory.silabs.net/artifactory/api/conan/nwk-15-4-conan-dev",
  ]

[settings]
  dependency-check = "true"

