version = "0"

[dependency]
  base_sdk = [{ installer = "conan", ref = "base_sdk/2026.6.0@silabs#a804a13d1e8eac07aa3e2b923dd34b5e", type = "sdk", version = "2026.6.0" }]
  bgapi_protocol = [{ installer = "conan", ref = "bgapi_protocol/11.1.0-beta.1@silabs#90c8ea78c2591678a06cda5e6769658f5e6456bb", type = "sdk", version = "11.1.0-beta.1" }]
  bluetooth_bgbuild = [{ installer = "conan", ref = "bluetooth_bgbuild/11.1.0-beta.1@silabs#90c8ea78c2591678a06cda5e6769658f5e6456bb", type = "sdk", version = "11.1.0-beta.1" }]
  bluetooth_common = [{ installer = "conan", ref = "bluetooth_common/1.1.0-beta.1@silabs#90c8ea78c2591678a06cda5e6769658f5e6456bb", type = "sdk", version = "1.1.0-beta.1" }]
  bluetooth_le_controller = [{ installer = "conan", ref = "bluetooth_le_controller/11.1.0-beta.1@silabs#90c8ea78c2591678a06cda5e6769658f5e6456bb", type = "sdk", version = "11.1.0-beta.1" }]
  bluetooth_le_host = [{ installer = "conan", ref = "bluetooth_le_host/11.1.0-beta.1@silabs#90c8ea78c2591678a06cda5e6769658f5e6456bb", type = "sdk", version = "11.1.0-beta.1" }]
  boards = [{ installer = "conan", ref = "boards/1.1.0@silabs#4e3c05393b38a6896d804415fc797e1e", type = "sdk", version = "1.1.0" }]
  bootloader = [{ installer = "conan", ref = "bootloader/1.1.0@silabs#e4d16c2cb7a54902db3925976d456522", type = "sdk", version = "1.1.0" }]
  cmsis = [{ installer = "conan", ref = "cmsis/1.1.0@silabs#ffa80dea438cc109c927f807fda3d505", type = "sdk", version = "1.1.0" }]
  commander = [{ installer = "archive", type = "apack", version = "1.24.0" }]
  common_15_4 = [{ installer = "conan", ref = "common_15_4/1.1.0-alpha.51@silabs#954907a24aaa55f7e0de2486b3ce8d312e62ca14", type = "sdk", version = "1.1.0-alpha.51" }]
  coremark = [{ installer = "conan", ref = "coremark/1.1.0@silabs#18f9ee91c773959888b0ca1fa914139a", type = "sdk", version = "1.1.0" }]
  cpc = [{ installer = "conan", ref = "cpc/4.9.0-alpha.20@silabs#d06bbe22e157132d4421fb28e4bd221d74add799", type = "sdk", version = "4.9.0-alpha.20" }]
  delta_dfu = [{ installer = "conan", ref = "delta_dfu/1.1.0@silabs#1ebba4a316f35b36228125a8942d772c72943ec6", type = "sdk", version = "1.1.0" }]
  freertos = [{ installer = "conan", ref = "freertos/1.1.0@silabs#569d0efea37d7f43ece741c352b9df88", type = "sdk", version = "1.1.0" }]
  gcc-arm-none-eabi = [{ installer = "conan", ref = "gcc-arm-none-eabi/14.2.rel1@silabs#7a5e7220af325e610937338dde99651b", type = "toolchain", version = "14.2.rel1" }]
  java21 = [{ installer = "archive", type = "tools", version = "21.0.6" }]
  mbedtls = [{ installer = "conan", ref = "mbedtls/1.1.0@silabs#b3da0031e696a0f96dde37433eb32251", type = "sdk", version = "1.1.0" }]
  micriumos = [{ installer = "conan", ref = "micriumos/6.1.0@silabs#9ff657b550db3ea6d3319ea7b8bc60f4", type = "sdk", version = "6.1.0" }]
  multiprotocol = [{ installer = "conan", ref = "multiprotocol/1.1.0-alpha.54@silabs#f10636beea1677ba54c8121d17859054c326b412", type = "sdk", version = "1.1.0-alpha.54" }]
  openthread = [{ installer = "conan", ref = "openthread/3.1.0-alpha.55@silabs#cb0edd449892e7c9946e76d6db9ffda042f6e2b0", type = "sdk", version = "3.1.0-alpha.55" }]
  openthread_stack = [{ installer = "conan", ref = "openthread_stack/3.1.0-alpha.55@silabs#cb0edd449892e7c9946e76d6db9ffda042f6e2b0", type = "sdk", version = "3.1.0-alpha.55" }]
  platform = [{ installer = "conan", ref = "platform/6.1.0-alpha.54@silabs#b796f1dc3f06c8ad7045209df3eb7815", type = "sdk", version = "6.1.0-alpha.54" }]
  platform_core = [{ installer = "conan", ref = "platform_core/1.1.0@silabs#673d1c2dfbaa50ed9cbd82881df2e853", type = "sdk", version = "1.1.0" }]
  printf = [{ installer = "conan", ref = "printf/1.1.0@silabs#fe75a71a35412431d99f4848883c965b", type = "sdk", version = "1.1.0" }]
  python = [{ installer = "archive", type = "tools", version = "3.10.3" }]
  rail_library = [{ installer = "conan", ref = "rail_library/3.1.0-alpha.131@silabs#ed4a792db29d469d25f6d98a27083539a38d5e1d", type = "sdk", version = "3.1.0-alpha.131" }]
  security_libcryptosoc = [{ installer = "conan", ref = "security_libcryptosoc/1.1.0@silabs#a41bcce963865004cdd183d9f003fd37", type = "sdk", version = "1.1.0" }]
  security_sxsymcrypt = [{ installer = "conan", ref = "security_sxsymcrypt/1.1.0@silabs#a9053c3f70f2a4f66d827993bac5bb2b", type = "sdk", version = "1.1.0" }]
  security_tfm = [{ installer = "conan", ref = "security_tfm/1.1.0@silabs#31bf1644546bd9ea9876c0bc35e55ee7", type = "sdk", version = "1.1.0" }]
  segger = [{ installer = "conan", ref = "segger/1.1.0@silabs#0c8511a741b968fe160e1898da7957ba", type = "sdk", version = "1.1.0" }]
  slc-cli = [{ installer = "archive", type = "tools", version = "6.0.21" }]
  unity_test_framework = [{ installer = "conan", ref = "unity_test_framework/1.1.0@silabs#f418a9460d44f860469de8d9aba3d723", type = "sdk", version = "1.1.0" }]
  usb = [{ installer = "conan", ref = "usb/1.1.0@silabs#530674a1fcf86f1c3ae37870b5aefd8e", type = "sdk", version = "1.1.0" }]
  zap = [{ installer = "archive", type = "apack", version = "2026.02.26" }]
  zigbee = [{ installer = "conan", ref = "zigbee/9.1.0-alpha.74@silabs#be1b91556ec0a3c6ed1693030ca97fe80ae51caf", type = "sdk", version = "9.1.0-alpha.74" }]

[engine]
  conan-repos = [
    "https://artifactory.silabs.net/artifactory/api/conan/silabs-conan-production",
    "https://artifactory.silabs.net/artifactory/api/conan/nwk-15-4-conan-dev",
    "https://artifactory-local.silabs.net/artifactory/api/conan/studio-conan-development",
    "https://conan.silabs.net",
  ]

[settings]
  dependency-check = "true"
