version = "0"

[dependency]
  base_sdk = [{ installer = "conan", ref = "base_sdk/2026.6.0@silabs#f3431172e76c47b73eddcbb91ca6637c", type = "sdk", version = "2026.6.0" }]
  board_drivers = [{ installer = "conan", ref = "board_drivers/1.0.0@silabs#c71c5dd245bbe537b5df0da000a75ada", type = "sdk", version = "1.0.0" }]
  boards = [{ installer = "conan", ref = "boards/1.1.0@silabs#3717845e1abef23fa6e1ecb0f4794069", type = "sdk", version = "1.1.0" }]
  bootloader = [{ installer = "conan", ref = "bootloader/1.1.0@silabs#e8995c92a3b1784ab83a41d5f82ba3a5", type = "sdk", version = "1.1.0" }]
  bootloader_interface = [{ installer = "conan", ref = "bootloader_interface/1.1.0@silabs#094ca8ffe3c4e2c5a579da16fd394233", type = "sdk", version = "1.1.0" }]
  bootloader_interface_trustzone = [{ installer = "conan", ref = "bootloader_interface_trustzone/1.0.0@silabs#240c32d299b55a07da701baf538d8343", type = "sdk", version = "1.0.0" }]
  cmsis = [{ installer = "conan", ref = "cmsis/1.1.0@silabs#84e8c3ea89305f098a2ba01d8673464c", type = "sdk", version = "1.1.0" }]
  cmsis_common = [{ installer = "conan", ref = "cmsis_common/1.1.0@silabs#9ab12d1cb4232993f26955f9a4a2819b", type = "sdk", version = "1.1.0" }]
  commander = [{ installer = "archive", type = "apack", version = "1.22.0" }]
  coremark = [{ installer = "conan", ref = "coremark/1.0.0@silabs#343a2e008990521d9be761680522b4ea", type = "sdk", version = "1.0.0" }]
  cpc = [{ installer = "conan", ref = "cpc/4.9.0-0.dev@silabs#c89763366638de91ff753d1ca7e0fec3202e6ea4", type = "sdk", version = "4.9.0-0.dev" }]
  cslib = [{ installer = "conan", ref = "cslib/1.0.0@silabs#1698b7d934684a29cea629f83ec539ea", type = "sdk", version = "1.0.0" }]
  delta_dfu = [{ installer = "conan", ref = "delta_dfu/1.1.0@silabs#1ebba4a316f35b36228125a8942d772c72943ec6", type = "sdk", version = "1.1.0" }]
  devices = [{ installer = "conan", ref = "devices/1.1.0@silabs#d57470c15c080d24b26204a56c32750e", type = "sdk", version = "1.1.0" }]
  freertos = [{ installer = "conan", ref = "freertos/1.1.0@silabs#2a4f36d7b1bc0d09f3b8209610d66be0", type = "sdk", version = "1.1.0" }]
  gcc-arm-none-eabi = [{ installer = "conan", ref = "gcc-arm-none-eabi/12.2.rel1@silabs#ae1178bdc0132d9a4ecbdda761d086ea", type = "toolchain", version = "12.2.rel1" }]
  glib = [{ installer = "conan", ref = "glib/1.0.0@silabs#939887fee635ec153f39ef5df3d79a63", type = "sdk", version = "1.0.0" }]
  java21 = [{ installer = "archive", type = "tools", version = "21.0.5" }]
  micriumos = [{ installer = "conan", ref = "micriumos/6.1.0@silabs#10c04c26a9ae6e316cb86142b2c4c0ac", type = "sdk", version = "6.1.0" }]
  pintool = [{ installer = "conan", ref = "pintool/1.1.0@silabs#b60922f761811231be0d3f04f2b174c4", type = "sdk", version = "1.1.0" }]
  platform = [{ installer = "conan", ref = "platform/6.1.0-alpha.15@silabs#5feb02ef71b5b12f817afb9ed0b6a9d9", type = "sdk", version = "6.1.0-alpha.15" }]
  platform_common = [{ installer = "conan", ref = "platform_common/1.1.0@silabs#5f8370bd5d574930cae8542ab60eb3d9", type = "sdk", version = "1.1.0" }]
  platform_common_apps = [{ installer = "conan", ref = "platform_common_apps/1.1.0@silabs#e322bf8ffb06d90eaadc8eacaecbcdcc", type = "sdk", version = "1.1.0" }]
  platform_core = [{ installer = "conan", ref = "platform_core/1.1.0@silabs#ddf4dcf357270836557faa209c1d0f67", type = "sdk", version = "1.1.0" }]
  printf = [{ installer = "conan", ref = "printf/1.0.0@silabs#271eb7b8622d329a952f23063eab689f", type = "sdk", version = "1.0.0" }]
  python = [{ installer = "archive", type = "apack", version = "3.10.1" }]
  security_libcryptosoc = [{ installer = "conan", ref = "security_libcryptosoc/1.0.0@silabs#8cb05dfad408387f87d20937b51ae748", type = "sdk", version = "1.0.0" }]
  security_mbedtls = [{ installer = "conan", ref = "security_mbedtls/1.1.0@silabs#3c42f13deaff0e735edb46a9ff45df2b", type = "sdk", version = "1.1.0" }]
  security_mbedtls_source = [{ installer = "conan", ref = "security_mbedtls_source/1.1.0@silabs#74f27cbec9f55ca2d346da71027a6151", type = "sdk", version = "1.1.0" }]
  security_se_cpc = [{ installer = "conan", ref = "security_se_cpc/1.0.0@silabs#4ed3f5f4378ece9392a2101f9fde22eb", type = "sdk", version = "1.0.0" }]
  security_se_manager = [{ installer = "conan", ref = "security_se_manager/1.1.0@silabs#be032a0059ffe2ed4ad15d59badfe946", type = "sdk", version = "1.1.0" }]
  security_sxsymcrypt = [{ installer = "conan", ref = "security_sxsymcrypt/1.1.0@silabs#fd2be2f28ee6873291d9db36cfc9c60d", type = "sdk", version = "1.1.0" }]
  security_tfm = [{ installer = "conan", ref = "security_tfm/1.0.0@silabs#ee201c6fc20159d3a9bd894cf0cd9c77", type = "sdk", version = "1.0.0" }]
  security_trustzone = [{ installer = "conan", ref = "security_trustzone/1.0.0@silabs#9e7dc30daa3687092d356655c7cfa720", type = "sdk", version = "1.0.0" }]
  segger = [{ installer = "conan", ref = "segger/1.0.0@silabs#901f94a7ccbf625ff842620588fc97eb", type = "sdk", version = "1.0.0" }]
  slc-cli = [{ installer = "archive", type = "tools", version = "6.0.15" }]
  unity_test_framework = [{ installer = "conan", ref = "unity_test_framework/1.1.0@silabs#c301a36cf0a88702840e5ad78abab591", type = "sdk", version = "1.1.0" }]
  usb = [{ installer = "conan", ref = "usb/1.1.0@silabs#0b689f46dcaaf00e0439d3102d3784e3", type = "sdk", version = "1.1.0" }]

[engine]
  conan-repos = [
    "https://artifactory.silabs.net/artifactory/api/conan/cpc-conan-sqa",
    "https://artifactory-local.silabs.net/artifactory/api/conan/silabs-conan-production",
    "https://conan.silabs.net",
  ]
