version = "0"

[dependency]
  base_sdk = [{version = "2026.6.2", installer = "conan", type = "sdk", ref = "base_sdk/2026.6.2@silabs#995f96bb5622ef8fd1005aea7da0d58c"}]
  boards = [{version = "1.1.2", installer = "conan", type = "sdk", ref = "boards/1.1.2@silabs#94cc3ee8ad63b0b8248b7271b0435080"}]
  bootloader = [{version = "3.3.2", installer = "conan", type = "sdk", ref = "bootloader/3.3.2@silabs#72791f30fa49cb5080decd6f2d5677b1"}]
  cmake = [{version = "3.30.2", installer = "conan", type = "apack", ref = "cmake/3.30.2@silabs#8798657aa78b2da38a3ae465f2d10090"}]
  cmsis = [{version = "1.1.0", installer = "conan", type = "sdk", ref = "cmsis/1.1.0@silabs#561756064833a57683d80a650d78fe31"}]
  coremark = [{version = "1.1.0", installer = "conan", type = "sdk", ref = "coremark/1.1.0@silabs#18f9ee91c773959888b0ca1fa914139a"}]
  cpc = [{version = "4.9.2-alpha.3", installer = "conan", type = "sdk", ref = "cpc/4.9.2-alpha.3@silabs#ca575c2c5ad788a372423d8c928d611e4689b377"}]
  delta_dfu = [{version = "1.1.0", installer = "conan", type = "sdk", ref = "delta_dfu/1.1.0@silabs#1ebba4a316f35b36228125a8942d772c72943ec6"}]
  freertos = [{version = "1.1.0", installer = "conan", type = "sdk", ref = "freertos/1.1.0@silabs#be38adcbcedd1ae236a70a9d2c66d908"}]
  gcc-arm-none-eabi = [{version = "14.2.rel1", installer = "conan", type = "toolchain", ref = "gcc-arm-none-eabi/14.2.rel1@silabs#7a5e7220af325e610937338dde99651b"}]
  llvm-arm-toolchain-for-embedded = [{version = "21.1.1", installer = "conan", type = "toolchain", ref = "llvm-arm-toolchain-for-embedded/21.1.1@silabs#877f3e0faf9658c618b4c2fe80bbb9fa"}]
  mbedtls = [{version = "1.1.1", installer = "conan", type = "sdk", ref = "mbedtls/1.1.1@silabs#2af96ad52aeaa78e6c98121dce46da71"}]
  micriumos = [{version = "6.1.2", installer = "conan", type = "sdk", ref = "micriumos/6.1.2@silabs#dffe3bf206a41fadd842bdd5ff640ef0"}]
  ninja = [{version = "1.12.1", installer = "conan", type = "apack", ref = "ninja/1.12.1@silabs#9ce59e07a142d4da1c532b49742fe16d"}]
  platform = [{version = "6.1.2-alpha.3", installer = "conan", type = "sdk", ref = "platform/6.1.2-alpha.3@silabs#16151c91b862af23975d697d9574808a"}]
  platform_core = [{version = "1.1.2", installer = "conan", type = "sdk", ref = "platform_core/1.1.2@silabs#de098046dd2293febd842d813cf2873c"}]
  printf = [{version = "1.1.0", installer = "conan", type = "sdk", ref = "printf/1.1.0@silabs#fe75a71a35412431d99f4848883c965b"}]
  security_libcryptosoc = [{version = "1.1.0", installer = "conan", type = "sdk", ref = "security_libcryptosoc/1.1.0@silabs#a41bcce963865004cdd183d9f003fd37"}]
  security_sxsymcrypt = [{version = "1.1.0", installer = "conan", type = "sdk", ref = "security_sxsymcrypt/1.1.0@silabs#a9053c3f70f2a4f66d827993bac5bb2b"}]
  security_tfm = [{version = "1.1.1", installer = "conan", type = "sdk", ref = "security_tfm/1.1.1@silabs#ce129232b56196216c7082faa6631fb3"}]
  segger = [{version = "1.1.0", installer = "conan", type = "sdk", ref = "segger/1.1.0@silabs#6559985830a5b6662a7a588e9823fb99"}]
  unity_test_framework = [{version = "1.1.0", installer = "conan", type = "sdk", ref = "unity_test_framework/1.1.0@silabs#f418a9460d44f860469de8d9aba3d723"}]
  usb = [{version = "1.7.1", installer = "conan", type = "sdk", ref = "usb/1.7.1@silabs#781aef6b72880c6130dc03201180bbcb"}]
  slc-cli = [{version = "6.0.23", installer = "archive", type = "tools"}]
  python = [{version = "3.10.3", installer = "archive", type = "tools"}]
  java21 = [{version = "21.0.6", installer = "archive", type = "tools"}]
  commander = [{version = "1.24.3", installer = "archive", type = "apack"}]

[engine]
  conan-repos = [
    "https://artifactory.silabs.net/artifactory/api/conan/cpc-conan-sqa",
    "https://artifactory-local.silabs.net/artifactory/api/conan/silabs-conan-production",
    "https://conan.silabs.net",
  ]

[settings]
  dependency-check = "true"

