version = "0"

[dependency]
  base_sdk = [{ installer = "conan", ref = "base_sdk/2026.6.0@silabs#271e6de7a9444a67308d3170520001cd", type = "sdk", version = "2026.6.0" }]
  board_drivers = [{ installer = "conan", ref = "board_drivers/1.1.0@silabs#7735d7935ee7d9545889b56d0a5ffea3", type = "sdk", version = "1.1.0" }]
  boards = [{ installer = "conan", ref = "boards/1.1.0@silabs#fb57261c0245eeff840783e9332e714d", type = "sdk", version = "1.1.0" }]
  bootloader = [{ installer = "conan", ref = "bootloader/1.1.0@silabs#455ab25645661b3f5549bd13939fa964", type = "sdk", version = "1.1.0" }]
  bootloader_interface = [{ installer = "conan", ref = "bootloader_interface/1.1.0@silabs#791f7610f207d7dbe151bbc7e84ce615", type = "sdk", version = "1.1.0" }]
  bootloader_interface_trustzone = [{ installer = "conan", ref = "bootloader_interface_trustzone/1.1.0@silabs#8a7ad8b2da816c638b67b12bf2914fd4", type = "sdk", version = "1.1.0" }]
  cmsis = [{ installer = "conan", ref = "cmsis/1.1.0@silabs#c7441f9037f08ebf54d381351e9945c1", type = "sdk", version = "1.1.0" }]
  cmsis_common = [{ installer = "conan", ref = "cmsis_common/1.1.0@silabs#b010eadd048bf63eb4061f7689df3cc9", type = "sdk", version = "1.1.0" }]
  cmsis_dsp = [{ installer = "conan", ref = "cmsis_dsp/1.16.2@silabs#5302273ed01eca59735451b2635df529416cea34", type = "sdk", version = "1.16.2" }]
  commander = [{ installer = "archive", type = "apack", version = "1.22.1" }]
  common_15_4 = [{ installer = "conan", ref = "common_15_4/1.1.0-alpha.2@silabs#6e9255974fc2c7d6a01185c1723fdcc0c0bb9321", type = "sdk", version = "1.1.0-alpha.2" }]
  coremark = [{ installer = "conan", ref = "coremark/1.0.0@silabs#343a2e008990521d9be761680522b4ea", type = "sdk", version = "1.0.0" }]
  devices = [{ installer = "conan", ref = "devices/1.1.0@silabs#44e0a9603e8062ace8383fb8cf3ffc14", type = "sdk", version = "1.1.0" }]
  freertos = [{ installer = "conan", ref = "freertos/1.1.0@silabs#2a4f36d7b1bc0d09f3b8209610d66be0", type = "sdk", version = "1.1.0" }]
  gcc-arm-none-eabi = [{ installer = "conan", ref = "gcc-arm-none-eabi/12.2.rel1@silabs#a2910f647691a3764cd3e48412673f25", type = "toolchain", version = "12.2.rel1" }]
  glib = [{ installer = "conan", ref = "glib/1.1.0@silabs#047a06a862905cfbcf3256ad1102b84b", type = "sdk", version = "1.1.0" }]
  java21 = [{ installer = "archive", type = "tools", version = "21.0.5" }]
  micriumos = [{ installer = "conan", ref = "micriumos/6.1.0@silabs#21fff069d9ac1da46a7e2dad592adee7", type = "sdk", version = "6.1.0" }]
  multiprotocol = [{ installer = "conan", ref = "multiprotocol/1.1.0-alpha.26@silabs#ff9de7b9a3226d8ccdcc5f51ce543669c262ba68", type = "sdk", version = "1.1.0-alpha.26" }]
  openthread = [{ installer = "conan", ref = "openthread/3.1.0-alpha.22@silabs#b8a8a28409c2b3493e2ca577212879b377975223", type = "sdk", version = "3.1.0-alpha.22" }]
  openthread_stack = [{ installer = "conan", ref = "openthread_stack/3.1.0-alpha.22@silabs#b8a8a28409c2b3493e2ca577212879b377975223", type = "sdk", version = "3.1.0-alpha.22" }]
  pintool = [{ installer = "conan", ref = "pintool/1.1.0@silabs#68972f8315d3fae69d3cbe41afbe686c", type = "sdk", version = "1.1.0" }]
  platform = [{ installer = "conan", ref = "platform/6.1.0-alpha.22@silabs#c4a974fea657ea11021dfc143a09f254", type = "sdk", version = "6.1.0-alpha.22" }]
  platform_common = [{ installer = "conan", ref = "platform_common/1.1.0@silabs#58bb8dbc51fd6725fd4cfec51e8d596d", type = "sdk", version = "1.1.0" }]
  platform_common_apps = [{ installer = "conan", ref = "platform_common_apps/1.1.0@silabs#a7d858eed25ede16c10b9b9cf7c70bf7", type = "sdk", version = "1.1.0" }]
  platform_core = [{ installer = "conan", ref = "platform_core/1.1.0@silabs#18224906df126a3f315fa1b5b17cb800", type = "sdk", version = "1.1.0" }]
  printf = [{ installer = "conan", ref = "printf/1.1.0@silabs#964270b8c8aae14a7373e2a17ce2a0c0", type = "sdk", version = "1.1.0" }]
  python = [{ installer = "archive", type = "apack", version = "3.10.1" }]
  rail_library = [{ installer = "conan", ref = "rail_library/3.1.0-alpha.57@silabs#d6c10f48f4233063526bfe6f4f12b0379aeb83b2", type = "sdk", version = "3.1.0-alpha.57" }]
  realtime_locationing = [{ installer = "conan", ref = "realtime_locationing/11.1.0-alpha.1@silabs#bfccc74be10921fc7d8947678f1caa6757f74b61", type = "sdk", version = "11.1.0-alpha.1" }]
  security_libcryptosoc = [{ installer = "conan", ref = "security_libcryptosoc/1.0.0@silabs#8cb05dfad408387f87d20937b51ae748", type = "sdk", version = "1.0.0" }]
  security_mbedtls = [{ installer = "conan", ref = "security_mbedtls/1.1.0@silabs#74407914fc6d1794f70a9b232aab3094", type = "sdk", version = "1.1.0" }]
  security_mbedtls_source = [{ installer = "conan", ref = "security_mbedtls_source/1.1.0@silabs#74f27cbec9f55ca2d346da71027a6151", type = "sdk", version = "1.1.0" }]
  security_se_manager = [{ installer = "conan", ref = "security_se_manager/1.1.0@silabs#be8f182c29dba0fc327fb6b74c3613fb", type = "sdk", version = "1.1.0" }]
  security_sxsymcrypt = [{ installer = "conan", ref = "security_sxsymcrypt/1.1.0@silabs#fd2be2f28ee6873291d9db36cfc9c60d", type = "sdk", version = "1.1.0" }]
  security_tfm = [{ installer = "conan", ref = "security_tfm/1.0.0@silabs#ee201c6fc20159d3a9bd894cf0cd9c77", type = "sdk", version = "1.0.0" }]
  security_trustzone = [{ installer = "conan", ref = "security_trustzone/1.1.0@silabs#36b5700484d30a4beebcae54bcce7739", type = "sdk", version = "1.1.0" }]
  segger = [{ installer = "conan", ref = "segger/1.0.0@silabs#901f94a7ccbf625ff842620588fc97eb", type = "sdk", version = "1.0.0" }]
  slc-cli = [{ installer = "archive", type = "tools", version = "6.0.16" }]
  unity_test_framework = [{ installer = "conan", ref = "unity_test_framework/1.1.0@silabs#c301a36cf0a88702840e5ad78abab591", type = "sdk", version = "1.1.0" }]
  usb = [{ installer = "conan", ref = "usb/1.1.0@silabs#25a1c4a9492ca363b70de3e864d0d35e", type = "sdk", version = "1.1.0" }]
  zap = [{ installer = "archive", type = "apack", version = "2025.12.02" }]
  zigbee = [{ installer = "conan", ref = "zigbee/9.1.0-alpha.31@silabs#5acaac03d8aa4a66d699532c26dd1fab164008fa", type = "sdk", version = "9.1.0-alpha.31" }]

[engine]
  conan-repos = [
    "https://artifactory.silabs.net/artifactory/api/conan/nwk-15-4-conan-sqa",
    "https://artifactory.silabs.net/artifactory/api/conan/silabs-conan-production",
    "https://artifactory.silabs.net/artifactory/api/conan/nwk-15-4-conan-dev",
    "https://artifactory-local.silabs.net/artifactory/api/conan/studio-conan-development",
    "https://conan.silabs.net",
  ]
