version = "0"

[dependency]
  base_sdk = [{version = "2026.12.0", installer = "conan", type = "sdk", ref = "base_sdk/2026.12.0@silabs#716052badc1ee855a7abbf99407f2d41"}]
  bgapi_protocol = [{version = "11.2.0-alpha.39", installer = "conan", type = "sdk", ref = "bgapi_protocol/11.2.0-alpha.39@silabs#2aad3bba090decc53c3528b51d5ca4fb7c5248ea"}]
  bluetooth_apploader = [{version = "11.2.0-alpha.39", installer = "conan", type = "sdk", ref = "bluetooth_apploader/11.2.0-alpha.39@silabs#2aad3bba090decc53c3528b51d5ca4fb7c5248ea"}]
  bluetooth_bgbuild = [{version = "11.2.0-alpha.39", installer = "conan", type = "sdk", ref = "bluetooth_bgbuild/11.2.0-alpha.39@silabs#2aad3bba090decc53c3528b51d5ca4fb7c5248ea"}]
  bluetooth_common = [{version = "1.2.0-alpha.39", installer = "conan", type = "sdk", ref = "bluetooth_common/1.2.0-alpha.39@silabs#2aad3bba090decc53c3528b51d5ca4fb7c5248ea"}]
  bluetooth_le = [{version = "11.2.0-alpha.41", installer = "conan", type = "sdk", ref = "bluetooth_le/11.2.0-alpha.41@silabs#4e1584dd5237e6a1d8c18ad7b6b2077978013458"}]
  bluetooth_le_controller = [{version = "11.2.0-alpha.39", installer = "conan", type = "sdk", ref = "bluetooth_le_controller/11.2.0-alpha.39@silabs#2aad3bba090decc53c3528b51d5ca4fb7c5248ea"}]
  bluetooth_le_host = [{version = "11.2.0-alpha.39", installer = "conan", type = "sdk", ref = "bluetooth_le_host/11.2.0-alpha.39@silabs#2aad3bba090decc53c3528b51d5ca4fb7c5248ea"}]
  boards = [{version = "1.2.0", installer = "conan", type = "sdk", ref = "boards/1.2.0@silabs#a5a6fc27828361c10e5b19fb365e9b1b"}]
  bootloader = [{version = "3.4.0", installer = "conan", type = "sdk", ref = "bootloader/3.4.0@silabs#ff6042d9757345558ab080af76f8c8e2"}]
  cmake = [{version = "3.30.2", installer = "conan", type = "apack", ref = "cmake/3.30.2@silabs#8798657aa78b2da38a3ae465f2d10090"}]
  cmsis = [{version = "1.2.0", installer = "conan", type = "sdk", ref = "cmsis/1.2.0@silabs#f8ebee69efcf85687bb21ce7a9d725ce"}]
  cmsis_dsp = [{version = "1.16.3", installer = "conan", type = "sdk", ref = "cmsis_dsp/1.16.3@silabs#4c35ceaaf9910c2d406b34dcde483b59775159f6"}]
  common_15_4 = [{version = "1.2.0-alpha.6", installer = "conan", type = "sdk", ref = "common_15_4/1.2.0-alpha.6@silabs#297a84c14ce8cb5abbd98c63c270d4db14fdffeb"}]
  coremark = [{version = "1.1.0", installer = "conan", type = "sdk", ref = "coremark/1.1.0@silabs#fad338900822dd7b4dd280d6713266f1"}]
  delta_dfu = [{version = "1.1.0", installer = "conan", type = "sdk", ref = "delta_dfu/1.1.0@silabs#1ebba4a316f35b36228125a8942d772c72943ec6"}]
  freertos = [{version = "1.2.0", installer = "conan", type = "sdk", ref = "freertos/1.2.0@silabs#0bb5996b8147c9ce4b1936ac5292adb3"}]
  gcc-arm-none-eabi = [{version = "14.2.rel1", installer = "conan", type = "toolchain", ref = "gcc-arm-none-eabi/14.2.rel1@silabs#7a5e7220af325e610937338dde99651b"}]
  llvm-arm-toolchain-for-embedded = [{version = "21.1.1", installer = "conan", type = "toolchain", ref = "llvm-arm-toolchain-for-embedded/21.1.1@silabs#877f3e0faf9658c618b4c2fe80bbb9fa"}]
  mbedtls = [{version = "1.2.0", installer = "conan", type = "sdk", ref = "mbedtls/1.2.0@silabs#34f8e2586570896f0be441cc56a4a20d"}]
  micriumos = [{version = "6.2.0", installer = "conan", type = "sdk", ref = "micriumos/6.2.0@silabs#236252f6e565c572a2e9a819050e153d"}]
  multiprotocol = [{version = "1.2.0-alpha.32", installer = "conan", type = "sdk", ref = "multiprotocol/1.2.0-alpha.32@silabs#67f9a6aa3c815d8d4c36ed5cd578df762826e6ee"}]
  ninja = [{version = "1.12.1", installer = "conan", type = "apack", ref = "ninja/1.12.1@silabs#9ce59e07a142d4da1c532b49742fe16d"}]
  platform = [{version = "6.2.0-alpha.39", installer = "conan", type = "sdk", ref = "platform/6.2.0-alpha.39@silabs#e2e97655b8f52a4cbbff98ed615861a6"}]
  platform_core = [{version = "1.2.0", installer = "conan", type = "sdk", ref = "platform_core/1.2.0@silabs#c7b7c0e9f8ba78a9d90b216eaec5cff8"}]
  printf = [{version = "1.2.0", installer = "conan", type = "sdk", ref = "printf/1.2.0@silabs#7b24522f4c76f3ef6865b3fe5cb974b0"}]
  rail_library = [{version = "3.2.0-alpha.75", installer = "conan", type = "sdk", ref = "rail_library/3.2.0-alpha.75@silabs#97c5265c8f11d53e817b15f73ebc6f761cadea13"}]
  realtime_locationing = [{version = "12.0.0-alpha.2", installer = "conan", type = "sdk", ref = "realtime_locationing/12.0.0-alpha.2@silabs#6c534efa9bd238b104277b4601d0d36646398acc"}]
  security_libcryptosoc = [{version = "1.1.0", installer = "conan", type = "sdk", ref = "security_libcryptosoc/1.1.0@silabs#a41bcce963865004cdd183d9f003fd37"}]
  security_sxsymcrypt = [{version = "1.2.0", installer = "conan", type = "sdk", ref = "security_sxsymcrypt/1.2.0@silabs#f520f30a5abb44f6d1e11700b8be6933"}]
  security_tfm = [{version = "1.2.0", installer = "conan", type = "sdk", ref = "security_tfm/1.2.0@silabs#0943f3f4ec758de891b2468ce589d7f3"}]
  segger = [{version = "1.2.0", installer = "conan", type = "sdk", ref = "segger/1.2.0@silabs#c81f34987a3d94d4c7fd33ce026d7f36"}]
  unity_test_framework = [{version = "1.1.0", installer = "conan", type = "sdk", ref = "unity_test_framework/1.1.0@silabs#f418a9460d44f860469de8d9aba3d723"}]
  usb = [{version = "1.8.0", installer = "conan", type = "sdk", ref = "usb/1.8.0@silabs#7ab90b0e1e96c37cd8c2b6db6fea4f07"}]
  zigbee = [{version = "9.2.0-alpha.37", installer = "conan", type = "sdk", ref = "zigbee/9.2.0-alpha.37@silabs#a2c19546fce601b60a6559918f6ee05582dcf89b"}]
  commander = [{version = "1.24.3", installer = "archive", type = "apack"}]
  slc-cli = [{version = "6.0.24", installer = "archive", type = "tools"}]
  python = [{version = "3.10.3", installer = "archive", type = "tools"}]
  java21 = [{version = "21.0.6", installer = "archive", type = "tools"}]
  zap = [{version = "2026.06.17", installer = "archive", type = "apack"}]

[engine]
  conan-repos = [
    "https://artifactory.silabs.net/artifactory/api/conan/silabs-conan-production",
    "https://artifactory.silabs.net/artifactory/api/conan/nwk-15-4-conan-dev",
  ]

[settings]
  dependency-check = "true"

