version = "0"

[dependency]
  base_sdk = [{ installer = "conan", ref = "base_sdk/2025.12.0@silabs#6e8af71889775989595452bdf8f64bc2", type = "sdk", version = "2025.12.0" }]
  bgapi_protocol = [{ installer = "conan", ref = "bgapi_protocol/11.0.0-alpha.7@silabs#6ad06ec6b7f132f31e72cb80ec7ddf0b4d8fcb92", type = "sdk", version = "11.0.0-alpha.7" }]
  bluetooth_apploader = [{ installer = "conan", ref = "bluetooth_apploader/11.0.0-alpha.7@silabs#6ad06ec6b7f132f31e72cb80ec7ddf0b4d8fcb92", type = "sdk", version = "11.0.0-alpha.7" }]
  bluetooth_bgbuild = [{ installer = "conan", ref = "bluetooth_bgbuild/11.0.0-alpha.7@silabs#6ad06ec6b7f132f31e72cb80ec7ddf0b4d8fcb92", type = "sdk", version = "11.0.0-alpha.7" }]
  bluetooth_common = [{ installer = "conan", ref = "bluetooth_common/1.0.0-alpha.7@silabs#6ad06ec6b7f132f31e72cb80ec7ddf0b4d8fcb92", type = "sdk", version = "1.0.0-alpha.7" }]
  bluetooth_le_controller = [{ installer = "conan", ref = "bluetooth_le_controller/11.0.0-alpha.7@silabs#6ad06ec6b7f132f31e72cb80ec7ddf0b4d8fcb92", type = "sdk", version = "11.0.0-alpha.7" }]
  bluetooth_le_host = [{ installer = "conan", ref = "bluetooth_le_host/11.0.0-alpha.7@silabs#6ad06ec6b7f132f31e72cb80ec7ddf0b4d8fcb92", type = "sdk", version = "11.0.0-alpha.7" }]
  bluetooth_le_middleware = [{ installer = "conan", ref = "bluetooth_le_middleware/11.0.0-beta.8@silabs#e673d6f931406e7bcb9440fb88e01da8bf693b28", type = "sdk", version = "11.0.0-beta.8" }]
  board_drivers = [{ installer = "conan", ref = "board_drivers/1.0.0@silabs#c71c5dd245bbe537b5df0da000a75ada", type = "sdk", version = "1.0.0" }]
  boards = [{ installer = "conan", ref = "boards/1.0.0@silabs#3a5fd14c3de7fa0250a81eea4cd85cd4", type = "sdk", version = "1.0.0" }]
  bootloader = [{ installer = "conan", ref = "bootloader/1.0.0@silabs#25918edc753bdc053efc5f24f3ff8ed7", type = "sdk", version = "1.0.0" }]
  bootloader_interface = [{ installer = "conan", ref = "bootloader_interface/1.0.0@silabs#fcec2ad15eb4d9b8702ad58aae1271e7", type = "sdk", version = "1.0.0" }]
  bootloader_interface_trustzone = [{ installer = "conan", ref = "bootloader_interface_trustzone/1.0.0@silabs#8c76d00ae777560aaa9ec82eb407c2f7", type = "sdk", version = "1.0.0" }]
  cmsis = [{ installer = "conan", ref = "cmsis/1.0.0@silabs#65c0fc6caaaa240bcb00c31a4a5de5eb", type = "sdk", version = "1.0.0" }]
  cmsis_common = [{ installer = "conan", ref = "cmsis_common/1.0.0@silabs#b2e3b413f4736f92da1f0e8ee0bb0a91", type = "sdk", version = "1.0.0" }]
  cmsis_dsp = [{ installer = "conan", ref = "cmsis_dsp/1.15.0@silabs#c456971e7fd82886aef4efb499765a7a3dd85d8c", type = "sdk", version = "1.15.0" }]
  commander = [{ installer = "archive", type = "apack", version = "1.20.5" }]
  common_15_4 = [{ installer = "conan", ref = "common_15_4/1.0.0-alpha.3@silabs#d730a0b366a8bb082cb73621a1ae985381beda50", type = "sdk", version = "1.0.0-alpha.3" }]
  coremark = [{ installer = "conan", ref = "coremark/1.0.0@silabs#343a2e008990521d9be761680522b4ea", type = "sdk", version = "1.0.0" }]
  cslib = [{ installer = "conan", ref = "cslib/1.0.0@silabs#1698b7d934684a29cea629f83ec539ea", type = "sdk", version = "1.0.0" }]
  delta_dfu = [{ installer = "conan", ref = "delta_dfu/1.1.0-rc.3@silabs#1ebba4a316f35b36228125a8942d772c72943ec6", type = "sdk", version = "1.1.0-rc.3" }]
  devices = [{ installer = "conan", ref = "devices/1.0.0@silabs#d23fe1fd78258ca6d66bdb8bc5dd2344", type = "sdk", version = "1.0.0" }]
  freertos = [{ installer = "conan", ref = "freertos/1.0.0@silabs#8044e4770abd47f50b265a107cda06d6", type = "sdk", version = "1.0.0" }]
  gcc-arm-none-eabi = [{ installer = "conan", ref = "gcc-arm-none-eabi/12.2.rel1@silabs#ae1178bdc0132d9a4ecbdda761d086ea", type = "toolchain", version = "12.2.rel1" }]
  glib = [{ installer = "conan", ref = "glib/1.0.0@silabs#939887fee635ec153f39ef5df3d79a63", type = "sdk", version = "1.0.0" }]
  java21 = [{ installer = "archive", type = "tools", version = "21.0.5" }]
  micriumos = [{ installer = "conan", ref = "micriumos/6.0.0@silabs#b0dd6d00765faf0fadd176fca73ed1a1", type = "sdk", version = "6.0.0" }]
  multiprotocol = [{ installer = "conan", ref = "multiprotocol/1.0.0-alpha.9@silabs#4529ae455b66044b9c37f8ef6da306ef08386572", type = "sdk", version = "1.0.0-alpha.9" }]
  pintool = [{ installer = "conan", ref = "pintool/1.0.0@silabs#e24952147df5b6e1b91838b953cc1f9c", type = "sdk", version = "1.0.0" }]
  platform = [{ installer = "conan", ref = "platform/6.0.0-beta.5@silabs#8b64d7b7071fd57011cd53b2b928095b", type = "sdk", version = "6.0.0-beta.5" }]
  platform_common = [{ installer = "conan", ref = "platform_common/1.0.0@silabs#f79798df6e82afa6cf45733e371e7f7a", type = "sdk", version = "1.0.0" }]
  platform_common_apps = [{ installer = "conan", ref = "platform_common_apps/1.0.0@silabs#99babe8ed5da4c1bf95689c77879899d", type = "sdk", version = "1.0.0" }]
  platform_core = [{ installer = "conan", ref = "platform_core/1.0.0@silabs#2c1e9abd072a0dc03cb460fa83d5ed59", type = "sdk", version = "1.0.0" }]
  printf = [{ installer = "conan", ref = "printf/1.0.0@silabs#271eb7b8622d329a952f23063eab689f", type = "sdk", version = "1.0.0" }]
  python = [{ installer = "archive", type = "apack", version = "3.10.1" }]
  rail_library = [{ installer = "conan", ref = "rail_library/3.0.0-alpha.35@silabs#f30c58a9df790845114d3f5c2a21e91a36e8eb7f", type = "sdk", version = "3.0.0-alpha.35" }]
  realtime_locationing = [{ installer = "conan", ref = "realtime_locationing/11.0.0-alpha.5@silabs#73cbbc20334f480d8ebfdf5fe978a10cd8c17e50", type = "sdk", version = "11.0.0-alpha.5" }]
  security_libcryptosoc = [{ installer = "conan", ref = "security_libcryptosoc/1.0.0@silabs#fbbdc5618b5a3f0c764fe7188e0d0ff7", type = "sdk", version = "1.0.0" }]
  security_mbedtls = [{ installer = "conan", ref = "security_mbedtls/1.0.0@silabs#75ca2844567dc5f1754b824bb6ea5c57", type = "sdk", version = "1.0.0" }]
  security_mbedtls_source = [{ installer = "conan", ref = "security_mbedtls_source/1.0.0@silabs#a98c6afc648c8b9d95fee8ab7962800f", type = "sdk", version = "1.0.0" }]
  security_se_manager = [{ installer = "conan", ref = "security_se_manager/1.0.0@silabs#18469ac1231a0e1eb76b220b52da289c", type = "sdk", version = "1.0.0" }]
  security_sxsymcrypt = [{ installer = "conan", ref = "security_sxsymcrypt/1.0.0@silabs#161af270ddbf4ab5216ed4bf610490a1", type = "sdk", version = "1.0.0" }]
  security_tfm = [{ installer = "conan", ref = "security_tfm/1.0.0@silabs#a22998389c919a70b162ea47e0ed96fe", type = "sdk", version = "1.0.0" }]
  security_trustzone = [{ installer = "conan", ref = "security_trustzone/1.0.0@silabs#d283ae90dc31b7cd46593de0de3c6952", type = "sdk", version = "1.0.0" }]
  segger = [{ installer = "conan", ref = "segger/1.0.0@silabs#901f94a7ccbf625ff842620588fc97eb", type = "sdk", version = "1.0.0" }]
  slc-cli = [{ installer = "archive", type = "tools", version = "6.0.12" }]
  unity_test_framework = [{ installer = "conan", ref = "unity_test_framework/1.0.0@silabs#861d729761c49a68604719d027338e4e", type = "sdk", version = "1.0.0" }]
  usb = [{ installer = "conan", ref = "usb/1.0.0@silabs#9a15afdb110c9bd20678641cb47f8eab", type = "sdk", version = "1.0.0" }]
  zap = [{ installer = "archive", type = "apack", version = "v2025.10.23" }]
  zigbee = [{ installer = "conan", ref = "zigbee/9.0.0-alpha.11@silabs#64b9998e2affd6b54c286c90a91c4ddf616e36f5", type = "sdk", version = "9.0.0-alpha.11" }]

[engine]
  conan-repos = [
    "https://artifactory.silabs.net/artifactory/api/conan/silabs-conan-production",
    "https://artifactory.silabs.net/artifactory/api/conan/nwk-15-4-conan-sqa",
    "https://artifactory.silabs.net/artifactory/api/conan/nwk-15-4-conan-dev",
    "https://artifactory-local.silabs.net/artifactory/api/conan/studio-conan-development",
    "https://conan.silabs.net",
  ]
