version = "0"

[dependency]
  base_sdk = [{ installer = "conan", ref = "base_sdk/2026.6.0@silabs#072d3afd4353cc49a5aa6bd06c6abfc5", type = "sdk", version = "2026.6.0" }]
  bgapi_protocol = [{ installer = "conan", ref = "bgapi_protocol/11.1.0-alpha.3@silabs#967be7d42f191ed63636478975675899f1c83ba6", type = "sdk", version = "11.1.0-alpha.3" }]
  bluetooth_bgbuild = [{ installer = "conan", ref = "bluetooth_bgbuild/11.0.0-rc.2@silabs#647c0df826d571395e52c5c0d0c648039eeb7ceb", type = "sdk", version = "11.0.0-rc.2" }]
  bluetooth_common = [{ installer = "conan", ref = "bluetooth_common/1.1.0-alpha.3@silabs#967be7d42f191ed63636478975675899f1c83ba6", type = "sdk", version = "1.1.0-alpha.3" }]
  bluetooth_le_controller = [{ installer = "conan", ref = "bluetooth_le_controller/11.1.0-alpha.3@silabs#967be7d42f191ed63636478975675899f1c83ba6", type = "sdk", version = "11.1.0-alpha.3" }]
  bluetooth_le_host = [{ installer = "conan", ref = "bluetooth_le_host/11.1.0-alpha.3@silabs#967be7d42f191ed63636478975675899f1c83ba6", type = "sdk", version = "11.1.0-alpha.3" }]
  board_drivers = [{ installer = "conan", ref = "board_drivers/1.1.0@silabs#eea3b41e77eb462680221a488b824f5b", type = "sdk", version = "1.1.0" }]
  boards = [{ installer = "conan", ref = "boards/1.1.0@silabs#63d3ba051f3ab28211c6bec4b838a02f", type = "sdk", version = "1.1.0" }]
  bootloader = [{ installer = "conan", ref = "bootloader/1.1.0@silabs#b14a338af5a166c5084b79a46896b93b", type = "sdk", version = "1.1.0" }]
  bootloader_interface = [{ installer = "conan", ref = "bootloader_interface/1.1.0@silabs#07ab8b3aefbdf384d1456ea55294b945", type = "sdk", version = "1.1.0" }]
  bootloader_interface_trustzone = [{ installer = "conan", ref = "bootloader_interface_trustzone/1.1.0@silabs#28b2a5d9c8f9f57bcbaeaf2769cf47f7", type = "sdk", version = "1.1.0" }]
  cmsis = [{ installer = "conan", ref = "cmsis/1.1.0@silabs#293d89cfa91d0989aef25d7b1f5387cf", type = "sdk", version = "1.1.0" }]
  cmsis_common = [{ installer = "conan", ref = "cmsis_common/1.1.0@silabs#7a173864e6c51b50ffa03449a6c7685c", type = "sdk", version = "1.1.0" }]
  commander = [{ installer = "archive", type = "apack", version = "1.23.0" }]
  common_15_4 = [{ installer = "conan", ref = "common_15_4/1.1.0-alpha.5@silabs#cc841e7df91454aee1d96d7d34984ab572aee6f9", type = "sdk", version = "1.1.0-alpha.5" }]
  coremark = [{ installer = "conan", ref = "coremark/1.1.0@silabs#11f63a673625f634927703597f5f52da", type = "sdk", version = "1.1.0" }]
  cpc = [{ installer = "conan", ref = "cpc/4.9.0-0.dev@silabs#49dab679262efac4c264e39d09355ca1291d6f4b", type = "sdk", version = "4.9.0-0.dev" }]
  delta_dfu = [{ installer = "conan", ref = "delta_dfu/1.1.0@silabs#1ebba4a316f35b36228125a8942d772c72943ec6", type = "sdk", version = "1.1.0" }]
  devices = [{ installer = "conan", ref = "devices/1.1.0@silabs#6de19ef2ebe6df1942ad3c187c330788", type = "sdk", version = "1.1.0" }]
  freertos = [{ installer = "conan", ref = "freertos/1.1.0@silabs#c3a50b57055b654177561bcf368d520c", type = "sdk", version = "1.1.0" }]
  gcc-arm-none-eabi = [{ installer = "conan", ref = "gcc-arm-none-eabi/12.2.rel1@silabs#ae1178bdc0132d9a4ecbdda761d086ea", type = "toolchain", version = "12.2.rel1" }]
  glib = [{ installer = "conan", ref = "glib/1.1.0@silabs#0c38279e74662a0b26e34e437773f7de", type = "sdk", version = "1.1.0" }]
  java21 = [{ installer = "archive", type = "tools", version = "21.0.5" }]
  micriumos = [{ installer = "conan", ref = "micriumos/6.1.0@silabs#887018bb8c98a4ade98a3af318c59dab", type = "sdk", version = "6.1.0" }]
  multiprotocol = [{ installer = "conan", ref = "multiprotocol/1.1.0-0.dev@silabs#d67e5efc6e23a3d4e4f5b8be809369514b00d3e3", type = "sdk", version = "1.1.0-0.dev" }]
  openthread = [{ installer = "conan", ref = "openthread/3.1.0-alpha.31@silabs#62fc89c29d84332d29b2536dc50b541550a3b626", type = "sdk", version = "3.1.0-alpha.31" }]
  openthread_stack = [{ installer = "conan", ref = "openthread_stack/3.1.0-alpha.31@silabs#62fc89c29d84332d29b2536dc50b541550a3b626", type = "sdk", version = "3.1.0-alpha.31" }]
  pintool = [{ installer = "conan", ref = "pintool/1.1.0@silabs#68972f8315d3fae69d3cbe41afbe686c", type = "sdk", version = "1.1.0" }]
  platform = [{ installer = "conan", ref = "platform/6.1.0-alpha.34@silabs#4596a192cb1e7ff164df2371ae39f516", type = "sdk", version = "6.1.0-alpha.34" }]
  platform_common = [{ installer = "conan", ref = "platform_common/1.1.0@silabs#019afe3acf8bbd11ee888f918635b490", type = "sdk", version = "1.1.0" }]
  platform_core = [{ installer = "conan", ref = "platform_core/1.1.0@silabs#591fcf4d4874e2816211bcef24a4cf4b", type = "sdk", version = "1.1.0" }]
  printf = [{ installer = "conan", ref = "printf/1.1.0@silabs#672b40f8a5289b077aeb0717901f8301", type = "sdk", version = "1.1.0" }]
  python = [{ installer = "archive", type = "apack", version = "3.10.1" }]
  rail_library = [{ installer = "conan", ref = "rail_library/3.1.0-alpha.91@silabs#fdde7a9c695d6b44fb8da2dec2770b0b58f15abc", type = "sdk", version = "3.1.0-alpha.91" }]
  security_libcryptosoc = [{ installer = "conan", ref = "security_libcryptosoc/1.0.0@silabs#8cb05dfad408387f87d20937b51ae748", type = "sdk", version = "1.0.0" }]
  security_mbedtls = [{ installer = "conan", ref = "security_mbedtls/1.1.0@silabs#e98dd6b7fe7f5104ca3e73f37f093b13", type = "sdk", version = "1.1.0" }]
  security_mbedtls_source = [{ installer = "conan", ref = "security_mbedtls_source/1.1.0@silabs#858da4618251870b7411217b1fcb9011", type = "sdk", version = "1.1.0" }]
  security_se_cpc = [{ installer = "conan", ref = "security_se_cpc/1.1.0@silabs#fe82d3bf91e8c9b5e84dbfb0b6cc1a89", type = "sdk", version = "1.1.0" }]
  security_se_manager = [{ installer = "conan", ref = "security_se_manager/1.1.0@silabs#1dc8afabfad1dbb7b6fadbe528b4174d", type = "sdk", version = "1.1.0" }]
  security_sxsymcrypt = [{ installer = "conan", ref = "security_sxsymcrypt/1.1.0@silabs#e0d3eba3fa9a2ab2bf6ca664b2d752c4", type = "sdk", version = "1.1.0" }]
  security_tfm = [{ installer = "conan", ref = "security_tfm/1.0.0@silabs#ee201c6fc20159d3a9bd894cf0cd9c77", type = "sdk", version = "1.0.0" }]
  security_trustzone = [{ installer = "conan", ref = "security_trustzone/1.1.0@silabs#6422cac88a1148ee43103b68c2dced95", type = "sdk", version = "1.1.0" }]
  segger = [{ installer = "conan", ref = "segger/1.1.0@silabs#4a33af747cabce88d09ff65432f9ee48", type = "sdk", version = "1.1.0" }]
  slc-cli = [{ installer = "archive", type = "tools", version = "6.0.18" }]
  unity_test_framework = [{ installer = "conan", ref = "unity_test_framework/1.1.0@silabs#c301a36cf0a88702840e5ad78abab591", type = "sdk", version = "1.1.0" }]
  usb = [{ installer = "conan", ref = "usb/1.1.0@silabs#05365d61fe84468d4e27e1d7086bf8ee", type = "sdk", version = "1.1.0" }]

[engine]
  conan-repos = [
    "https://artifactory.silabs.net/artifactory/api/conan/silabs-conan-production",
    "https://artifactory.silabs.net/artifactory/api/conan/nwk-15-4-conan-dev",
    "https://artifactory-local.silabs.net/artifactory/api/conan/studio-conan-development",
    "https://conan.silabs.net",
  ]
