version = "0"

[dependency]
  base_sdk = [{ installer = "conan", ref = "base_sdk/2026.6.0@silabs#072d3afd4353cc49a5aa6bd06c6abfc5", type = "sdk", version = "2026.6.0" }]
  bgapi_protocol = [{ installer = "conan", ref = "bgapi_protocol/11.1.0-alpha.6@silabs#f5ab48a4398d9b0a5626d05591b500de17aff883", type = "sdk", version = "11.1.0-alpha.6" }]
  bluetooth_bgbuild = [{ installer = "conan", ref = "bluetooth_bgbuild/11.0.0-rc.2@silabs#647c0df826d571395e52c5c0d0c648039eeb7ceb", type = "sdk", version = "11.0.0-rc.2" }]
  bluetooth_common = [{ installer = "conan", ref = "bluetooth_common/1.1.0-alpha.7@silabs#f5ab48a4398d9b0a5626d05591b500de17aff883", type = "sdk", version = "1.1.0-alpha.7" }]
  bluetooth_le_controller = [{ installer = "conan", ref = "bluetooth_le_controller/11.1.0-alpha.6@silabs#f5ab48a4398d9b0a5626d05591b500de17aff883", type = "sdk", version = "11.1.0-alpha.6" }]
  bluetooth_le_host = [{ installer = "conan", ref = "bluetooth_le_host/11.1.0-alpha.6@silabs#f5ab48a4398d9b0a5626d05591b500de17aff883", type = "sdk", version = "11.1.0-alpha.6" }]
  board_drivers = [{ installer = "conan", ref = "board_drivers/1.1.0@silabs#751b506de4ce2656379dc3e8f8ee5477", type = "sdk", version = "1.1.0" }]
  boards = [{ installer = "conan", ref = "boards/1.1.0@silabs#7121ad8430507c9487b17a3ff234e036", type = "sdk", version = "1.1.0" }]
  bootloader = [{ installer = "conan", ref = "bootloader/1.1.0@silabs#0cbacbc31a4e77e204a4bc9db4d8693b", type = "sdk", version = "1.1.0" }]
  bootloader_interface = [{ installer = "conan", ref = "bootloader_interface/1.1.0@silabs#6fa33c1afc1c68da0e4413c88ff990d5", type = "sdk", version = "1.1.0" }]
  bootloader_interface_trustzone = [{ installer = "conan", ref = "bootloader_interface_trustzone/1.1.0@silabs#238392ca9915eb52b414cb9c61f6d061", type = "sdk", version = "1.1.0" }]
  cmsis = [{ installer = "conan", ref = "cmsis/1.1.0@silabs#293d89cfa91d0989aef25d7b1f5387cf", type = "sdk", version = "1.1.0" }]
  cmsis_common = [{ installer = "conan", ref = "cmsis_common/1.1.0@silabs#619a199fb8672706d864e787ecbcb657", type = "sdk", version = "1.1.0" }]
  commander = [{ installer = "archive", type = "apack", version = "1.23.1" }]
  common_15_4 = [{ installer = "conan", ref = "common_15_4/1.1.0-alpha.22@silabs#9e3856031cbce335903066f0adf1da9eaeb46dc2", type = "sdk", version = "1.1.0-alpha.22" }]
  coremark = [{ installer = "conan", ref = "coremark/1.1.0@silabs#18f9ee91c773959888b0ca1fa914139a", type = "sdk", version = "1.1.0" }]
  cpc = [{ installer = "conan", ref = "cpc/4.9.0-alpha.12@silabs#7729838b900935b11691bd9e139f1a0e2df53d7d", type = "sdk", version = "4.9.0-alpha.12" }]
  delta_dfu = [{ installer = "conan", ref = "delta_dfu/1.1.0@silabs#1ebba4a316f35b36228125a8942d772c72943ec6", type = "sdk", version = "1.1.0" }]
  devices = [{ installer = "conan", ref = "devices/1.1.0@silabs#5c09d2159199548bc23c9308f2330adf", type = "sdk", version = "1.1.0" }]
  freertos = [{ installer = "conan", ref = "freertos/1.1.0@silabs#02ce8550c16389a9ba296dde14619a19", type = "sdk", version = "1.1.0" }]
  gcc-arm-none-eabi = [{ installer = "conan", ref = "gcc-arm-none-eabi/12.2.rel1@silabs#ae1178bdc0132d9a4ecbdda761d086ea", type = "toolchain", version = "12.2.rel1" }]
  glib = [{ installer = "conan", ref = "glib/1.1.0@silabs#1148b51a0b94c7c55f951c5580773190", type = "sdk", version = "1.1.0" }]
  java21 = [{ installer = "archive", type = "tools", version = "21.0.5" }]
  micriumos = [{ installer = "conan", ref = "micriumos/6.1.0@silabs#f3dc5021d66b365e62e2a5226bf3be44", type = "sdk", version = "6.1.0" }]
  multiprotocol = [{ installer = "conan", ref = "multiprotocol/1.1.0-alpha.41@silabs#09bae3554a911c95bd9baa8d0925e29f25e3b728", type = "sdk", version = "1.1.0-alpha.41" }]
  openthread = [{ installer = "conan", ref = "openthread/3.1.0-alpha.37@silabs#f7d5778509ab96584b34e9594ef62d0d480ccdd3", type = "sdk", version = "3.1.0-alpha.37" }]
  openthread_stack = [{ installer = "conan", ref = "openthread_stack/3.1.0-alpha.37@silabs#f7d5778509ab96584b34e9594ef62d0d480ccdd3", type = "sdk", version = "3.1.0-alpha.37" }]
  pintool = [{ installer = "conan", ref = "pintool/1.1.0@silabs#2b0f124ee6b36ffc77cb66a2b469ae4d", type = "sdk", version = "1.1.0" }]
  platform = [{ installer = "conan", ref = "platform/6.1.0-alpha.36@silabs#dfed2fca57419ba92265591cfff4f1f0", type = "sdk", version = "6.1.0-alpha.36" }]
  platform_common = [{ installer = "conan", ref = "platform_common/1.1.0@silabs#2fa1e919c471f387ad1b0450b2faa0a1", type = "sdk", version = "1.1.0" }]
  platform_core = [{ installer = "conan", ref = "platform_core/1.1.0@silabs#98b68028eb66f43335b2aeb238189d27", type = "sdk", version = "1.1.0" }]
  printf = [{ installer = "conan", ref = "printf/1.1.0@silabs#f020529581f977ac02c3712781272213", type = "sdk", version = "1.1.0" }]
  python = [{ installer = "archive", type = "apack", version = "3.10.1" }]
  rail_library = [{ installer = "conan", ref = "rail_library/3.1.0-alpha.111@silabs#30f7277b7c57248ff7a3394390b2df940d461c11", type = "sdk", version = "3.1.0-alpha.111" }]
  security_libcryptosoc = [{ installer = "conan", ref = "security_libcryptosoc/1.1.0@silabs#a41bcce963865004cdd183d9f003fd37", type = "sdk", version = "1.1.0" }]
  security_mbedtls = [{ installer = "conan", ref = "security_mbedtls/1.1.0@silabs#b2551619606e406194a9f2efeafafb18", type = "sdk", version = "1.1.0" }]
  security_mbedtls_source = [{ installer = "conan", ref = "security_mbedtls_source/1.1.0@silabs#79069ba6c80c5457491cd1f820edfe50", type = "sdk", version = "1.1.0" }]
  security_se_cpc = [{ installer = "conan", ref = "security_se_cpc/1.1.0@silabs#ed688a2f3004ffb1afb2eabe3f1a9def", type = "sdk", version = "1.1.0" }]
  security_se_manager = [{ installer = "conan", ref = "security_se_manager/1.1.0@silabs#51b69ca76be4b74edc78bbb0c4844a23", type = "sdk", version = "1.1.0" }]
  security_sxsymcrypt = [{ installer = "conan", ref = "security_sxsymcrypt/1.1.0@silabs#d892e1be08cc275bba2eda322793264d", type = "sdk", version = "1.1.0" }]
  security_tfm = [{ installer = "conan", ref = "security_tfm/1.1.0@silabs#3e911bf4fc640f1831bcec29f93c5042", type = "sdk", version = "1.1.0" }]
  security_trustzone = [{ installer = "conan", ref = "security_trustzone/1.1.0@silabs#26dca63594cdf26e35801d9bcd53226b", type = "sdk", version = "1.1.0" }]
  segger = [{ installer = "conan", ref = "segger/1.1.0@silabs#c8b6ae0caf6b4e04d8899a7294213a6d", type = "sdk", version = "1.1.0" }]
  slc-cli = [{ installer = "archive", type = "tools", version = "6.0.19" }]
  unity_test_framework = [{ installer = "conan", ref = "unity_test_framework/1.1.0@silabs#980159997da85f3385400f9e1093194b", type = "sdk", version = "1.1.0" }]
  usb = [{ installer = "conan", ref = "usb/1.1.0@silabs#285796b8eff0425aa3778e53e4e2d55a", type = "sdk", version = "1.1.0" }]

[engine]
  conan-repos = [
    "https://artifactory.silabs.net/artifactory/api/conan/silabs-conan-production",
    "https://artifactory.silabs.net/artifactory/api/conan/nwk-15-4-conan-dev",
    "https://artifactory-local.silabs.net/artifactory/api/conan/studio-conan-development",
    "https://conan.silabs.net",
  ]

[settings]
  dependency-check = "false"
