version = "0"

[dependency]
  base_sdk = [{version = "2026.12.0", installer = "conan", type = "sdk", ref = "base_sdk/2026.12.0@silabs#716052badc1ee855a7abbf99407f2d41"}]
  bgapi_protocol = [{version = "11.2.0-alpha.31", installer = "conan", type = "sdk", ref = "bgapi_protocol/11.2.0-alpha.31@silabs#a454be5038c86ee88db886330e406c0d4669ff67"}]
  bluetooth_apploader = [{version = "11.2.0-alpha.31", installer = "conan", type = "sdk", ref = "bluetooth_apploader/11.2.0-alpha.31@silabs#a454be5038c86ee88db886330e406c0d4669ff67"}]
  bluetooth_bgbuild = [{version = "11.2.0-alpha.31", installer = "conan", type = "sdk", ref = "bluetooth_bgbuild/11.2.0-alpha.31@silabs#a454be5038c86ee88db886330e406c0d4669ff67"}]
  bluetooth_common = [{version = "1.2.0-alpha.31", installer = "conan", type = "sdk", ref = "bluetooth_common/1.2.0-alpha.31@silabs#a454be5038c86ee88db886330e406c0d4669ff67"}]
  bluetooth_le = [{version = "11.2.0-alpha.32", installer = "conan", type = "sdk", ref = "bluetooth_le/11.2.0-alpha.32@silabs#994c3c3cc6eec77e3fc7e7cb9d802c59d00fe41c"}]
  bluetooth_le_controller = [{version = "11.2.0-alpha.31", installer = "conan", type = "sdk", ref = "bluetooth_le_controller/11.2.0-alpha.31@silabs#a454be5038c86ee88db886330e406c0d4669ff67"}]
  bluetooth_le_host = [{version = "11.2.0-alpha.31", installer = "conan", type = "sdk", ref = "bluetooth_le_host/11.2.0-alpha.31@silabs#a454be5038c86ee88db886330e406c0d4669ff67"}]
  boards = [{version = "1.2.0", installer = "conan", type = "sdk", ref = "boards/1.2.0@silabs#6cbdedd760e9e77013867828e308864d"}]
  bootloader = [{version = "3.4.0", installer = "conan", type = "sdk", ref = "bootloader/3.4.0@silabs#01c1ac0f3b4fb53517222335f78e17b5"}]
  cmake = [{version = "3.30.2", installer = "conan", type = "apack", ref = "cmake/3.30.2@silabs#8798657aa78b2da38a3ae465f2d10090"}]
  cmsis = [{version = "1.2.0", installer = "conan", type = "sdk", ref = "cmsis/1.2.0@silabs#f8ebee69efcf85687bb21ce7a9d725ce"}]
  cmsis_dsp = [{version = "1.16.3", installer = "conan", type = "sdk", ref = "cmsis_dsp/1.16.3@silabs#4c35ceaaf9910c2d406b34dcde483b59775159f6"}]
  common_15_4 = [{version = "1.2.0-alpha.5", installer = "conan", type = "sdk", ref = "common_15_4/1.2.0-alpha.5@silabs#297a84c14ce8cb5abbd98c63c270d4db14fdffeb"}]
  coremark = [{version = "1.1.0", installer = "conan", type = "sdk", ref = "coremark/1.1.0@silabs#f28d4ce371191919f225cbfd55e4b6cd"}]
  cpc = [{version = "4.10.0-alpha.17", installer = "conan", type = "sdk", ref = "cpc/4.10.0-alpha.17@silabs#e0ad48a446c6a4368f87fef618bbb13108fd12e6"}]
  delta_dfu = [{version = "1.1.0", installer = "conan", type = "sdk", ref = "delta_dfu/1.1.0@silabs#1ebba4a316f35b36228125a8942d772c72943ec6"}]
  freertos = [{version = "1.2.0", installer = "conan", type = "sdk", ref = "freertos/1.2.0@silabs#0bb5996b8147c9ce4b1936ac5292adb3"}]
  gcc-arm-none-eabi = [{version = "14.2.rel1", installer = "conan", type = "toolchain", ref = "gcc-arm-none-eabi/14.2.rel1@silabs#7a5e7220af325e610937338dde99651b"}]
  llvm-arm-toolchain-for-embedded = [{version = "21.1.1", installer = "conan", type = "toolchain", ref = "llvm-arm-toolchain-for-embedded/21.1.1@silabs#877f3e0faf9658c618b4c2fe80bbb9fa"}]
  mbedtls = [{version = "1.2.0", installer = "conan", type = "sdk", ref = "mbedtls/1.2.0@silabs#34f8e2586570896f0be441cc56a4a20d"}]
  micriumos = [{version = "6.2.0", installer = "conan", type = "sdk", ref = "micriumos/6.2.0@silabs#236252f6e565c572a2e9a819050e153d"}]
  multiprotocol = [{version = "1.2.0-alpha.30", installer = "conan", type = "sdk", ref = "multiprotocol/1.2.0-alpha.30@silabs#3b0d94a443d954349d95e352810e86c6b2baf933"}]
  ninja = [{version = "1.12.1", installer = "conan", type = "apack", ref = "ninja/1.12.1@silabs#9ce59e07a142d4da1c532b49742fe16d"}]
  openthread_forks = [{version = "3.2.0-alpha.34", installer = "conan", type = "sdk", ref = "openthread_forks/3.2.0-alpha.34@silabs#6f56a2a484b9bd4519d2c4301b4b3ec9b965f6f3"}]
  platform = [{version = "6.2.0-alpha.33", installer = "conan", type = "sdk", ref = "platform/6.2.0-alpha.33@silabs#c49e9ee85aade24ecaa655c0866ef763"}]
  platform_core = [{version = "1.2.0", installer = "conan", type = "sdk", ref = "platform_core/1.2.0@silabs#87121c21949433e71daa15526f9907d9"}]
  printf = [{version = "1.2.0", installer = "conan", type = "sdk", ref = "printf/1.2.0@silabs#7b24522f4c76f3ef6865b3fe5cb974b0"}]
  rail_library = [{version = "3.2.0-alpha.64", installer = "conan", type = "sdk", ref = "rail_library/3.2.0-alpha.64@silabs#f6088adb7b8f2fdbe86aed4627b90d1be1a20ff0"}]
  realtime_locationing = [{version = "12.0.0-alpha.2", installer = "conan", type = "sdk", ref = "realtime_locationing/12.0.0-alpha.2@silabs#6c534efa9bd238b104277b4601d0d36646398acc"}]
  security_libcryptosoc = [{version = "1.1.0", installer = "conan", type = "sdk", ref = "security_libcryptosoc/1.1.0@silabs#a41bcce963865004cdd183d9f003fd37"}]
  security_sxsymcrypt = [{version = "1.1.0", installer = "conan", type = "sdk", ref = "security_sxsymcrypt/1.1.0@silabs#a9053c3f70f2a4f66d827993bac5bb2b"}]
  security_tfm = [{version = "1.2.0", installer = "conan", type = "sdk", ref = "security_tfm/1.2.0@silabs#0943f3f4ec758de891b2468ce589d7f3"}]
  segger = [{version = "1.2.0", installer = "conan", type = "sdk", ref = "segger/1.2.0@silabs#ab5e87367b6f92de3cf18ad443c313bb"}]
  thread = [{version = "3.2.0-alpha.34", installer = "conan", type = "sdk", ref = "thread/3.2.0-alpha.34@silabs#6f56a2a484b9bd4519d2c4301b4b3ec9b965f6f3"}]
  unity_test_framework = [{version = "1.1.0", installer = "conan", type = "sdk", ref = "unity_test_framework/1.1.0@silabs#f418a9460d44f860469de8d9aba3d723"}]
  usb = [{version = "1.8.0", installer = "conan", type = "sdk", ref = "usb/1.8.0@silabs#7ab90b0e1e96c37cd8c2b6db6fea4f07"}]
  commander = [{version = "1.24.3", installer = "archive", type = "apack"}]
  slc-cli = [{version = "6.0.23", installer = "archive", type = "tools"}]
  python = [{version = "3.10.3", installer = "archive", type = "tools"}]
  java21 = [{version = "21.0.6", installer = "archive", type = "tools"}]
  zap = [{version = "2026.06.17", installer = "archive", type = "apack"}]

[engine]
  conan-repos = [
    "https://artifactory.silabs.net/artifactory/api/conan/silabs-conan-production",
    "https://artifactory.silabs.net/artifactory/api/conan/nwk-15-4-conan-dev",
  ]

[settings]
  dependency-check = "true"

